
Microsoft Visual Studio Solution File, Format Version 12.00
# Visual Studio 15
VisualStudioVersion = 15.0.28307.329
MinimumVisualStudioVersion = 10.0.40219.1
Project("{9092AA53-FB77-4645-B42D-1CCCA6BD08BD}") = "shuntingyard", "shuntingyard\shuntingyard.njsproj", "{0B1170A6-99FC-4BDE-94E2-76BE54432DAC}"
EndProject
Global
	GlobalSection(SolutionConfigurationPlatforms) = preSolution
		Debug|Any CPU = Debug|Any CPU
		Release|Any CPU = Release|Any CPU
	EndGlobalSection
	GlobalSection(ProjectConfigurationPlatforms) = postSolution
		{0B1170A6-99FC-4BDE-94E2-76BE54432DAC}.Debug|Any CPU.ActiveCfg = Debug|Any CPU
		{0B1170A6-99FC-4BDE-94E2-76BE54432DAC}.Debug|Any CPU.Build.0 = Debug|Any CPU
		{0B1170A6-99FC-4BDE-94E2-76BE54432DAC}.Release|Any CPU.ActiveCfg = Release|Any CPU
		{0B1170A6-99FC-4BDE-94E2-76BE54432DAC}.Release|Any CPU.Build.0 = Release|Any CPU
	EndGlobalSection
	GlobalSection(SolutionProperties) = preSolution
		HideSolutionNode = FALSE
	EndGlobalSection
	GlobalSection(ExtensibilityGlobals) = postSolution
		SolutionGuid = {077C6389-590E-4E55-8C0C-4A328C005A78}
	EndGlobalSection
EndGlobal
